
Microsoft Visual Studio Solution File, Format Version 12.00
Project("{FAE04EC0-301F-11D3-BF4B-00C04F79EFBC}") = "QuizApp", "QuizApp\QuizApp.csproj", "{34845BCE-9AD8-4F11-9AF4-1A4764CA3962}"
EndProject
Project("{FAE04EC0-301F-11D3-BF4B-00C04F79EFBC}") = "QuizApp.Core", "QuizApp.Core\QuizApp.Core.csproj", "{3663E383-CDD9-4D1A-8C44-2BFB7DD8DC90}"
EndProject
Project("{FAE04EC0-301F-11D3-BF4B-00C04F79EFBC}") = "QuizApp.Application", "QuizApp.Application\QuizApp.Application.csproj", "{E7303871-FE5E-4453-8497-99596C9AFA09}"
EndProject
Project("{FAE04EC0-301F-11D3-BF4B-00C04F79EFBC}") = "QuizApp.Infrastructure", "QuizApp.Infrastructure\QuizApp.Infrastructure.csproj", "{2D423E32-85EB-42F7-91D4-25C8479515D3}"
EndProject
Global
	GlobalSection(SolutionConfigurationPlatforms) = preSolution
		Debug|Any CPU = Debug|Any CPU
		Release|Any CPU = Release|Any CPU
	EndGlobalSection
	GlobalSection(ProjectConfigurationPlatforms) = postSolution
		{34845BCE-9AD8-4F11-9AF4-1A4764CA3962}.Debug|Any CPU.ActiveCfg = Debug|Any CPU
		{34845BCE-9AD8-4F11-9AF4-1A4764CA3962}.Debug|Any CPU.Build.0 = Debug|Any CPU
		{34845BCE-9AD8-4F11-9AF4-1A4764CA3962}.Release|Any CPU.ActiveCfg = Release|Any CPU
		{34845BCE-9AD8-4F11-9AF4-1A4764CA3962}.Release|Any CPU.Build.0 = Release|Any CPU
		{3663E383-CDD9-4D1A-8C44-2BFB7DD8DC90}.Debug|Any CPU.ActiveCfg = Debug|Any CPU
		{3663E383-CDD9-4D1A-8C44-2BFB7DD8DC90}.Debug|Any CPU.Build.0 = Debug|Any CPU
		{3663E383-CDD9-4D1A-8C44-2BFB7DD8DC90}.Release|Any CPU.ActiveCfg = Release|Any CPU
		{3663E383-CDD9-4D1A-8C44-2BFB7DD8DC90}.Release|Any CPU.Build.0 = Release|Any CPU
		{E7303871-FE5E-4453-8497-99596C9AFA09}.Debug|Any CPU.ActiveCfg = Debug|Any CPU
		{E7303871-FE5E-4453-8497-99596C9AFA09}.Debug|Any CPU.Build.0 = Debug|Any CPU
		{E7303871-FE5E-4453-8497-99596C9AFA09}.Release|Any CPU.ActiveCfg = Release|Any CPU
		{E7303871-FE5E-4453-8497-99596C9AFA09}.Release|Any CPU.Build.0 = Release|Any CPU
		{2D423E32-85EB-42F7-91D4-25C8479515D3}.Debug|Any CPU.ActiveCfg = Debug|Any CPU
		{2D423E32-85EB-42F7-91D4-25C8479515D3}.Debug|Any CPU.Build.0 = Debug|Any CPU
		{2D423E32-85EB-42F7-91D4-25C8479515D3}.Release|Any CPU.ActiveCfg = Release|Any CPU
		{2D423E32-85EB-42F7-91D4-25C8479515D3}.Release|Any CPU.Build.0 = Release|Any CPU
	EndGlobalSection
EndGlobal
