
Microsoft Visual Studio Solution File, Format Version 12.00
Project("{FAE04EC0-301F-11D3-BF4B-00C04F79EFBC}") = "QuizApp", "QuizApp\QuizApp.csproj", "{34845BCE-9AD8-4F11-9AF4-1A4764CA3962}"
EndProject
Global
	GlobalSection(SolutionConfigurationPlatforms) = preSolution
		Debug|Any CPU = Debug|Any CPU
		Release|Any CPU = Release|Any CPU
	EndGlobalSection
	GlobalSection(ProjectConfigurationPlatforms) = postSolution
		{34845BCE-9AD8-4F11-9AF4-1A4764CA3962}.Debug|Any CPU.ActiveCfg = Debug|Any CPU
		{34845BCE-9AD8-4F11-9AF4-1A4764CA3962}.Debug|Any CPU.Build.0 = Debug|Any CPU
		{34845BCE-9AD8-4F11-9AF4-1A4764CA3962}.Release|Any CPU.ActiveCfg = Release|Any CPU
		{34845BCE-9AD8-4F11-9AF4-1A4764CA3962}.Release|Any CPU.Build.0 = Release|Any CPU
	EndGlobalSection
EndGlobal
